
Microsoft Visual Studio Solution File, Format Version 12.00
# Visual Studio 15
VisualStudioVersion = 15.0.27703.2035
MinimumVisualStudioVersion = 10.0.40219.1
Project("{FAE04EC0-301F-11D3-BF4B-00C04F79EFBC}") = "NotesApp", "NotesApp\NotesApp.csproj", "{702A79B0-24B5-44FA-977B-8B70A2D44943}"
EndProject
Global
	GlobalSection(SolutionConfigurationPlatforms) = preSolution
		Debug|Any CPU = Debug|Any CPU
		Release|Any CPU = Release|Any CPU
	EndGlobalSection
	GlobalSection(ProjectConfigurationPlatforms) = postSolution
		{702A79B0-24B5-44FA-977B-8B70A2D44943}.Debug|Any CPU.ActiveCfg = Debug|Any CPU
		{702A79B0-24B5-44FA-977B-8B70A2D44943}.Debug|Any CPU.Build.0 = Debug|Any CPU
		{702A79B0-24B5-44FA-977B-8B70A2D44943}.Release|Any CPU.ActiveCfg = Release|Any CPU
		{702A79B0-24B5-44FA-977B-8B70A2D44943}.Release|Any CPU.Build.0 = Release|Any CPU
	EndGlobalSection
	GlobalSection(SolutionProperties) = preSolution
		HideSolutionNode = FALSE
	EndGlobalSection
	GlobalSection(ExtensibilityGlobals) = postSolution
		SolutionGuid = {2E159A5D-31F1-4036-B208-CC79CA88578B}
	EndGlobalSection
EndGlobal
